PODS:
  - AESCrypt (0.0.1)
  - AFNetworking (3.2.0):
    - AFNetworking/NSURLSession (= 3.2.0)
    - AFNetworking/Reachability (= 3.2.0)
    - AFNetworking/Security (= 3.2.0)
    - AFNetworking/Serialization (= 3.2.0)
    - AFNetworking/UIKit (= 3.2.0)
  - AFNetworking/NSURLSession (3.2.0):
    - AFNetworking/Reachability
    - AFNetworking/Security
    - AFNetworking/Serialization
  - AFNetworking/Reachability (3.2.0)
  - AFNetworking/Security (3.2.0)
  - AFNetworking/Serialization (3.2.0)
  - AFNetworking/UIKit (3.2.0):
    - AFNetworking/NSURLSession
  - FXBlurView (1.6.4)
  - HyphenateLite (3.3.9)
  - IQKeyboardManager (5.0.7)
  - JPush-iOS-SDK (3.0.5)
  - libWeChatSDK (1.7.5)
  - Masonry (1.1.0)
  - MJExtension (3.0.13)
  - MJRefresh (3.1.15.3)
  - SDCycleScrollView (1.75):
    - SDWebImage (>= 4.0.0)
  - SDWebImage (4.3.0):
    - SDWebImage/Core (= 4.3.0)
  - SDWebImage/Core (4.3.0)
  - TZImagePickerController (2.0.0.6)
  - UMengAnalytics-NO-IDFA (4.2.5)
  - UMengUShare/Core (6.4.8.2):
    - UMengUShare/Network
  - UMengUShare/Network (6.4.8.2)
  - UMengUShare/Social/QQ (6.4.8.2):
    - UMengUShare/Core
    - UMengUShare/Social/ReducedQQ
  - UMengUShare/Social/ReducedQQ (6.4.8.2):
    - UMengUShare/Core
  - UMengUShare/Social/ReducedSina (6.4.8.2):
    - UMengUShare/Core
  - UMengUShare/Social/Sina (6.4.8.2):
    - UMengUShare/Core
    - UMengUShare/Social/ReducedSina
  - ZBarSDK (1.3.1)

DEPENDENCIES:
  - AESCrypt
  - AFNetworking
  - FXBlurView
  - HyphenateLite
  - IQKeyboardManager
  - JPush-iOS-SDK
  - libWeChatSDK
  - Masonry
  - MJExtension
  - MJRefresh
  - SDCycleScrollView
  - SDWebImage
  - TZImagePickerController
  - UMengAnalytics-NO-IDFA
  - UMengUShare/Social/QQ
  - UMengUShare/Social/Sina
  - ZBarSDK

SPEC CHECKSUMS:
  AESCrypt: 1d89bf8b0789cf274ab2205ea461adbe9321d5f8
  AFNetworking: 8ac6017b94ea105479f7776e5288e48ae9c59bb4
  FXBlurView: db786c2561cb49a09ae98407f52460096ab8a44f
  HyphenateLite: ea4401abe02101c627e4adc989b01ae21ca63f27
  IQKeyboardManager: 0bfa4607d39924116b5c0c8b55b5d789288b5cba
  JPush-iOS-SDK: f80e435b524449fd5101e247b044d4e48174ef5f
  libWeChatSDK: e34a813bccc704856a33943bde8279be4e4c82a0
  Masonry: 678fab65091a9290e40e2832a55e7ab731aad201
  MJExtension: 5932755f451458eefa24239358817f8d291240c7
  MJRefresh: b48380ae2b927b46c4ef000de9adb8dc748e1df7
  SDCycleScrollView: 884b88f0266dd4708a0e1934975c69cb971707b1
  SDWebImage: 6da6c8bca115addc4de8613362e1b15f66333825
  TZImagePickerController: 028d1670cd46b2d35769503dd36a6b2d21eee563
  UMengAnalytics-NO-IDFA: 16666e32edce5be44ae5b14aaaa7f3582e09d6ab
  UMengUShare: 370d180101e13ee0227ae657ab119ba97243d2b3
  ZBarSDK: 4c1b5daeb7d6cc67dc9355e690af0230a661f6ec

PODFILE CHECKSUM: c650919aaa9015d22b1a5aac679556f8f10695b5

COCOAPODS: 1.4.0
